
Microsoft Visual Studio Solution File, Format Version 11.00
# Visual Studio 2010
Project("{FAE04EC0-301F-11D3-BF4B-00C04F79EFBC}") = "Pert4", "Assembly-CSharp.csproj", "{3A17ECB1-57E5-F2C3-224D-A89B8047C7D1}"
EndProject
Project("{FAE04EC0-301F-11D3-BF4B-00C04F79EFBC}") = "Pert4", "Assembly-CSharp-firstpass.csproj", "{5C26D0E0-5835-A163-FBA1-9251A7E89F28}"
EndProject
Project("{FAE04EC0-301F-11D3-BF4B-00C04F79EFBC}") = "Pert4", "Assembly-CSharp-Editor-firstpass.csproj", "{701E236B-48BC-64DC-A78E-57FFFC54F035}"
EndProject
Global
	GlobalSection(SolutionConfigurationPlatforms) = preSolution
		Debug|Any CPU = Debug|Any CPU
		Release|Any CPU = Release|Any CPU
	EndGlobalSection
	GlobalSection(ProjectConfigurationPlatforms) = postSolution
		{3A17ECB1-57E5-F2C3-224D-A89B8047C7D1}.Debug|Any CPU.ActiveCfg = Debug|Any CPU
		{3A17ECB1-57E5-F2C3-224D-A89B8047C7D1}.Debug|Any CPU.Build.0 = Debug|Any CPU
		{3A17ECB1-57E5-F2C3-224D-A89B8047C7D1}.Release|Any CPU.ActiveCfg = Release|Any CPU
		{3A17ECB1-57E5-F2C3-224D-A89B8047C7D1}.Release|Any CPU.Build.0 = Release|Any CPU
		{5C26D0E0-5835-A163-FBA1-9251A7E89F28}.Debug|Any CPU.ActiveCfg = Debug|Any CPU
		{5C26D0E0-5835-A163-FBA1-9251A7E89F28}.Debug|Any CPU.Build.0 = Debug|Any CPU
		{5C26D0E0-5835-A163-FBA1-9251A7E89F28}.Release|Any CPU.ActiveCfg = Release|Any CPU
		{5C26D0E0-5835-A163-FBA1-9251A7E89F28}.Release|Any CPU.Build.0 = Release|Any CPU
		{701E236B-48BC-64DC-A78E-57FFFC54F035}.Debug|Any CPU.ActiveCfg = Debug|Any CPU
		{701E236B-48BC-64DC-A78E-57FFFC54F035}.Debug|Any CPU.Build.0 = Debug|Any CPU
		{701E236B-48BC-64DC-A78E-57FFFC54F035}.Release|Any CPU.ActiveCfg = Release|Any CPU
		{701E236B-48BC-64DC-A78E-57FFFC54F035}.Release|Any CPU.Build.0 = Release|Any CPU
	EndGlobalSection
	GlobalSection(SolutionProperties) = preSolution
		HideSolutionNode = FALSE
	EndGlobalSection
	GlobalSection(MonoDevelopProperties) = preSolution
		StartupItem = Assembly-CSharp.csproj
	EndGlobalSection
EndGlobal
